// !$*UTF8*$!
{
	archiveVersion = 1;
	classes = {
	};
	objectVersion = 50;
	objects = {

/* Begin PBXBuildFile section */
		5120741F26F3D2C2004CAD44 /* FishCalc.swift in Sources */ = {isa = PBXBuildFile; fileRef = 5120741E26F3D2C2004CAD44 /* FishCalc.swift */; };
		517D05D626E93954006B6B96 /* AppDelegate.swift in Sources */ = {isa = PBXBuildFile; fileRef = 517D05D526E93954006B6B96 /* AppDelegate.swift */; };
		517D05D826E93954006B6B96 /* SceneDelegate.swift in Sources */ = {isa = PBXBuildFile; fileRef = 517D05D726E93954006B6B96 /* SceneDelegate.swift */; };
		517D05DA26E93954006B6B96 /* ViewController.swift in Sources */ = {isa = PBXBuildFile; fileRef = 517D05D926E93954006B6B96 /* ViewController.swift */; };
		517D05DD26E93954006B6B96 /* Main.storyboard in Resources */ = {isa = PBXBuildFile; fileRef = 517D05DB26E93954006B6B96 /* Main.storyboard */; };
		517D05DF26E93956006B6B96 /* Assets.xcassets in Resources */ = {isa = PBXBuildFile; fileRef = 517D05DE26E93956006B6B96 /* Assets.xcassets */; };
		517D05E226E93956006B6B96 /* LaunchScreen.storyboard in Resources */ = {isa = PBXBuildFile; fileRef = 517D05E026E93956006B6B96 /* LaunchScreen.storyboard */; };
		51EF8A7726F3E067003A3914 /* Localizable.strings in Resources */ = {isa = PBXBuildFile; fileRef = 51EF8A7926F3E067003A3914 /* Localizable.strings */; };
/* End PBXBuildFile section */

/* Begin PBXFileReference section */
		5120741E26F3D2C2004CAD44 /* FishCalc.swift */ = {isa = PBXFileReference; lastKnownFileType = sourcecode.swift; path = FishCalc.swift; sourceTree = "<group>"; };
		517D05D226E93954006B6B96 /* LocalizationDemo.app */ = {isa = PBXFileReference; explicitFileType = wrapper.application; includeInIndex = 0; path = LocalizationDemo.app; sourceTree = BUILT_PRODUCTS_DIR; };
		517D05D526E93954006B6B96 /* AppDelegate.swift */ = {isa = PBXFileReference; lastKnownFileType = sourcecode.swift; path = AppDelegate.swift; sourceTree = "<group>"; };
		517D05D726E93954006B6B96 /* SceneDelegate.swift */ = {isa = PBXFileReference; lastKnownFileType = sourcecode.swift; path = SceneDelegate.swift; sourceTree = "<group>"; };
		517D05D926E93954006B6B96 /* ViewController.swift */ = {isa = PBXFileReference; lastKnownFileType = sourcecode.swift; path = ViewController.swift; sourceTree = "<group>"; };
		517D05DC26E93954006B6B96 /* Base */ = {isa = PBXFileReference; lastKnownFileType = file.storyboard; name = Base; path = Base.lproj/Main.storyboard; sourceTree = "<group>"; };
		517D05DE26E93956006B6B96 /* Assets.xcassets */ = {isa = PBXFileReference; lastKnownFileType = folder.assetcatalog; path = Assets.xcassets; sourceTree = "<group>"; };
		517D05E126E93956006B6B96 /* Base */ = {isa = PBXFileReference; lastKnownFileType = file.storyboard; name = Base; path = Base.lproj/LaunchScreen.storyboard; sourceTree = "<group>"; };
		517D05E326E93956006B6B96 /* Info.plist */ = {isa = PBXFileReference; lastKnownFileType = text.plist.xml; path = Info.plist; sourceTree = "<group>"; };
		51EF8A7826F3E067003A3914 /* en */ = {isa = PBXFileReference; lastKnownFileType = text.plist.strings; name = en; path = en.lproj/Localizable.strings; sourceTree = "<group>"; };
		51EF8A7A26F3E080003A3914 /* pt-BR */ = {isa = PBXFileReference; lastKnownFileType = text.plist.strings; name = "pt-BR"; path = "pt-BR.lproj/Localizable.strings"; sourceTree = "<group>"; };
/* End PBXFileReference section */

/* Begin PBXFrameworksBuildPhase section */
		517D05CF26E93954006B6B96 /* Frameworks */ = {
			isa = PBXFrameworksBuildPhase;
			buildActionMask = 2147483647;
			files = (
			);
			runOnlyForDeploymentPostprocessing = 0;
		};
/* End PBXFrameworksBuildPhase section */

/* Begin PBXGroup section */
		517D05C926E93954006B6B96 = {
			isa = PBXGroup;
			children = (
				517D05D426E93954006B6B96 /* LocalizationDemo */,
				517D05D326E93954006B6B96 /* Products */,
			);
			sourceTree = "<group>";
		};
		517D05D326E93954006B6B96 /* Products */ = {
			isa = PBXGroup;
			children = (
				517D05D226E93954006B6B96 /* LocalizationDemo.app */,
			);
			name = Products;
			sourceTree = "<group>";
		};
		517D05D426E93954006B6B96 /* LocalizationDemo */ = {
			isa = PBXGroup;
			children = (
				517D05D526E93954006B6B96 /* AppDelegate.swift */,
				517D05D726E93954006B6B96 /* SceneDelegate.swift */,
				517D05D926E93954006B6B96 /* ViewController.swift */,
				517D05DB26E93954006B6B96 /* Main.storyboard */,
				517D05DE26E93956006B6B96 /* Assets.xcassets */,
				517D05E026E93956006B6B96 /* LaunchScreen.storyboard */,
				517D05E326E93956006B6B96 /* Info.plist */,
				5120741E26F3D2C2004CAD44 /* FishCalc.swift */,
				51EF8A7926F3E067003A3914 /* Localizable.strings */,
			);
			path = LocalizationDemo;
			sourceTree = "<group>";
		};
/* End PBXGroup section */

/* Begin PBXNativeTarget section */
		517D05D126E93954006B6B96 /* LocalizationDemo */ = {
			isa = PBXNativeTarget;
			buildConfigurationList = 517D05E626E93956006B6B96 /* Build configuration list for PBXNativeTarget "LocalizationDemo" */;
			buildPhases = (
				517D05CE26E93954006B6B96 /* Sources */,
				517D05CF26E93954006B6B96 /* Frameworks */,
				517D05D026E93954006B6B96 /* Resources */,
			);
			buildRules = (
			);
			dependencies = (
			);
			name = LocalizationDemo;
			productName = LocalizationDemo;
			productReference = 517D05D226E93954006B6B96 /* LocalizationDemo.app */;
			productType = "com.apple.product-type.application";
		};
/* End PBXNativeTarget section */

/* Begin PBXProject section */
		517D05CA26E93954006B6B96 /* Project object */ = {
			isa = PBXProject;
			attributes = {
				LastSwiftUpdateCheck = 1250;
				LastUpgradeCheck = 1250;
				TargetAttributes = {
					517D05D126E93954006B6B96 = {
						CreatedOnToolsVersion = 12.5.1;
					};
				};
			};
			buildConfigurationList = 517D05CD26E93954006B6B96 /* Build configuration list for PBXProject "LocalizationDemo" */;
			compatibilityVersion = "Xcode 9.3";
			developmentRegion = en;
			hasScannedForEncodings = 0;
			knownRegions = (
				en,
				Base,
				"pt-BR",
			);
			mainGroup = 517D05C926E93954006B6B96;
			productRefGroup = 517D05D326E93954006B6B96 /* Products */;
			projectDirPath = "";
			projectRoot = "";
			targets = (
				517D05D126E93954006B6B96 /* LocalizationDemo */,
			);
		};
/* End PBXProject section */

/* Begin PBXResourcesBuildPhase section */
		517D05D026E93954006B6B96 /* Resources */ = {
			isa = PBXResourcesBuildPhase;
			buildActionMask = 2147483647;
			files = (
				517D05E226E93956006B6B96 /* LaunchScreen.storyboard in Resources */,
				51EF8A7726F3E067003A3914 /* Localizable.strings in Resources */,
				517D05DF26E93956006B6B96 /* Assets.xcassets in Resources */,
				517D05DD26E93954006B6B96 /* Main.storyboard in Resources */,
			);
			runOnlyForDeploymentPostprocessing = 0;
		};
/* End PBXResourcesBuildPhase section */

/* Begin PBXSourcesBuildPhase section */
		517D05CE26E93954006B6B96 /* Sources */ = {
			isa = PBXSourcesBuildPhase;
			buildActionMask = 2147483647;
			files = (
				517D05DA26E93954006B6B96 /* ViewController.swift in Sources */,
				517D05D626E93954006B6B96 /* AppDelegate.swift in Sources */,
				5120741F26F3D2C2004CAD44 /* FishCalc.swift in Sources */,
				517D05D826E93954006B6B96 /* SceneDelegate.swift in Sources */,
			);
			runOnlyForDeploymentPostprocessing = 0;
		};
/* End PBXSourcesBuildPhase section */

/* Begin PBXVariantGroup section */
		517D05DB26E93954006B6B96 /* Main.storyboard */ = {
			isa = PBXVariantGroup;
			children = (
				517D05DC26E93954006B6B96 /* Base */,
			);
			name = Main.storyboard;
			sourceTree = "<group>";
		};
		517D05E026E93956006B6B96 /* LaunchScreen.storyboard */ = {
			isa = PBXVariantGroup;
			children = (
				517D05E126E93956006B6B96 /* Base */,
			);
			name = LaunchScreen.storyboard;
			sourceTree = "<group>";
		};
		51EF8A7926F3E067003A3914 /* Localizable.strings */ = {
			isa = PBXVariantGroup;
			children = (
				51EF8A7826F3E067003A3914 /* en */,
				51EF8A7A26F3E080003A3914 /* pt-BR */,
			);
			name = Localizable.strings;
			sourceTree = "<group>";
		};
/* End PBXVariantGroup section */

/* Begin XCBuildConfiguration section */
		517D05E426E93956006B6B96 /* Debug */ = {
			isa = XCBuildConfiguration;
			buildSettings = {
				ALWAYS_SEARCH_USER_PATHS = NO;
				CLANG_ANALYZER_LOCALIZABILITY_NONLOCALIZED = YES;
				CLANG_ANALYZER_NONNULL = YES;
				CLANG_ANALYZER_NUMBER_OBJECT_CONVERSION = YES_AGGRESSIVE;
				CLANG_CXX_LANGUAGE_STANDARD = "gnu++14";
				CLANG_CXX_LIBRARY = "libc++";
				CLANG_ENABLE_MODULES = YES;
				CLANG_ENABLE_OBJC_ARC = YES;
				CLANG_ENABLE_OBJC_WEAK = YES;
				CLANG_WARN_BLOCK_CAPTURE_AUTORELEASING = YES;
				CLANG_WARN_BOOL_CONVERSION = YES;
				CLANG_WARN_COMMA = YES;
				CLANG_WARN_CONSTANT_CONVERSION = YES;
				CLANG_WARN_DEPRECATED_OBJC_IMPLEMENTATIONS = YES;
				CLANG_WARN_DIRECT_OBJC_ISA_USAGE = YES_ERROR;
				CLANG_WARN_DOCUMENTATION_COMMENTS = YES;
				CLANG_WARN_EMPTY_BODY = YES;
				CLANG_WARN_ENUM_CONVERSION = YES;
				CLANG_WARN_INFINITE_RECURSION = YES;
				CLANG_WARN_INT_CONVERSION = YES;
				CLANG_WARN_NON_LITERAL_NULL_CONVERSION = YES;
				CLANG_WARN_OBJC_IMPLICIT_RETAIN_SELF = YES;
				CLANG_WARN_OBJC_LITERAL_CONVERSION = YES;
				CLANG_WARN_OBJC_ROOT_CLASS = YES_ERROR;
				CLANG_WARN_QUOTED_INCLUDE_IN_FRAMEWORK_HEADER = YES;
				CLANG_WARN_RANGE_LOOP_ANALYSIS = YES;
				CLANG_WARN_STRICT_PROTOTYPES = YES;
				CLANG_WARN_SUSPICIOUS_MOVE = YES;
				CLANG_WARN_UNGUARDED_AVAILABILITY = YES_AGGRESSIVE;
				CLANG_WARN_UNREACHABLE_CODE = YES;
				CLANG_WARN__DUPLICATE_METHOD_MATCH = YES;
				COPY_PHASE_STRIP = NO;
				DEBUG_INFORMATION_FORMAT = dwarf;
				ENABLE_STRICT_OBJC_MSGSEND = YES;
				ENABLE_TESTABILITY = YES;
				GCC_C_LANGUAGE_STANDARD = gnu11;
				GCC_DYNAMIC_NO_PIC = NO;
				GCC_NO_COMMON_BLOCKS = YES;
				GCC_OPTIMIZATION_LEVEL = 0;
				GCC_PREPROCESSOR_DEFINITIONS = (
					"DEBUG=1",
					"$(inherited)",
				);
				GCC_WARN_64_TO_32_BIT_CONVERSION = YES;
				GCC_WARN_ABOUT_RETURN_TYPE = YES_ERROR;
				GCC_WARN_UNDECLARED_SELECTOR = YES;
				GCC_WARN_UNINITIALIZED_AUTOS = YES_AGGRESSIVE;
				GCC_WARN_UNUSED_FUNCTION = YES;
				GCC_WARN_UNUSED_VARIABLE = YES;
				IPHONEOS_DEPLOYMENT_TARGET = 14.5;
				MTL_ENABLE_DEBUG_INFO = INCLUDE_SOURCE;
				MTL_FAST_MATH = YES;
				ONLY_ACTIVE_ARCH = YES;
				SDKROOT = iphoneos;
				SWIFT_ACTIVE_COMPILATION_CONDITIONS = DEBUG;
				SWIFT_OPTIMIZATION_LEVEL = "-Onone";
			};
			name = Debug;
		};
		517D05E526E93956006B6B96 /* Release */ = {
			isa = XCBuildConfiguration;
			buildSettings = {
				ALWAYS_SEARCH_USER_PATHS = NO;
				CLANG_ANALYZER_LOCALIZABILITY_NONLOCALIZED = YES;
				CLANG_ANALYZER_NONNULL = YES;
				CLANG_ANALYZER_NUMBER_OBJECT_CONVERSION = YES_AGGRESSIVE;
				CLANG_CXX_LANGUAGE_STANDARD = "gnu++14";
				CLANG_CXX_LIBRARY = "libc++";
				CLANG_ENABLE_MODULES = YES;
				CLANG_ENABLE_OBJC_ARC = YES;
				CLANG_ENABLE_OBJC_WEAK = YES;
				CLANG_WARN_BLOCK_CAPTURE_AUTORELEASING = YES;
				CLANG_WARN_BOOL_CONVERSION = YES;
				CLANG_WARN_COMMA = YES;
				CLANG_WARN_CONSTANT_CONVERSION = YES;
				CLANG_WARN_DEPRECATED_OBJC_IMPLEMENTATIONS = YES;
				CLANG_WARN_DIRECT_OBJC_ISA_USAGE = YES_ERROR;
				CLANG_WARN_DOCUMENTATION_COMMENTS = YES;
				CLANG_WARN_EMPTY_BODY = YES;
				CLANG_WARN_ENUM_CONVERSION = YES;
				CLANG_WARN_INFINITE_RECURSION = YES;
				CLANG_WARN_INT_CONVERSION = YES;
				CLANG_WARN_NON_LITERAL_NULL_CONVERSION = YES;
				CLANG_WARN_OBJC_IMPLICIT_RETAIN_SELF = YES;
				CLANG_WARN_OBJC_LITERAL_CONVERSION = YES;
				CLANG_WARN_OBJC_ROOT_CLASS = YES_ERROR;
				CLANG_WARN_QUOTED_INCLUDE_IN_FRAMEWORK_HEADER = YES;
				CLANG_WARN_RANGE_LOOP_ANALYSIS = YES;
				CLANG_WARN_STRICT_PROTOTYPES = YES;
				CLANG_WARN_SUSPICIOUS_MOVE = YES;
				CLANG_WARN_UNGUARDED_AVAILABILITY = YES_AGGRESSIVE;
				CLANG_WARN_UNREACHABLE_CODE = YES;
				CLANG_WARN__DUPLICATE_METHOD_MATCH = YES;
				COPY_PHASE_STRIP = NO;
				DEBUG_INFORMATION_FORMAT = "dwarf-with-dsym";
				ENABLE_NS_ASSERTIONS = NO;
				ENABLE_STRICT_OBJC_MSGSEND = YES;
				GCC_C_LANGUAGE_STANDARD = gnu11;
				GCC_NO_COMMON_BLOCKS = YES;
				GCC_WARN_64_TO_32_BIT_CONVERSION = YES;
				GCC_WARN_ABOUT_RETURN_TYPE = YES_ERROR;
				GCC_WARN_UNDECLARED_SELECTOR = YES;
				GCC_WARN_UNINITIALIZED_AUTOS = YES_AGGRESSIVE;
				GCC_WARN_UNUSED_FUNCTION = YES;
				GCC_WARN_UNUSED_VARIABLE = YES;
				IPHONEOS_DEPLOYMENT_TARGET = 14.5;
				MTL_ENABLE_DEBUG_INFO = NO;
				MTL_FAST_MATH = YES;
				SDKROOT = iphoneos;
				SWIFT_COMPILATION_MODE = wholemodule;
				SWIFT_OPTIMIZATION_LEVEL = "-O";
				VALIDATE_PRODUCT = YES;
			};
			name = Release;
		};
		517D05E726E93956006B6B96 /* Debug */ = {
			isa = XCBuildConfiguration;
			buildSettings = {
				ASSETCATALOG_COMPILER_APPICON_NAME = AppIcon;
				ASSETCATALOG_COMPILER_GLOBAL_ACCENT_COLOR_NAME = AccentColor;
				CODE_SIGN_STYLE = Automatic;
				INFOPLIST_FILE = LocalizationDemo/Info.plist;
				LD_RUNPATH_SEARCH_PATHS = (
					"$(inherited)",
					"@executable_path/Frameworks",
				);
				PRODUCT_BUNDLE_IDENTIFIER = com.globant.LocalizationDemo;
				PRODUCT_NAME = "$(TARGET_NAME)";
				SWIFT_VERSION = 5.0;
				TARGETED_DEVICE_FAMILY = "1,2";
			};
			name = Debug;
		};
		517D05E826E93956006B6B96 /* Release */ = {
			isa = XCBuildConfiguration;
			buildSettings = {
				ASSETCATALOG_COMPILER_APPICON_NAME = AppIcon;
				ASSETCATALOG_COMPILER_GLOBAL_ACCENT_COLOR_NAME = AccentColor;
				CODE_SIGN_STYLE = Automatic;
				INFOPLIST_FILE = LocalizationDemo/Info.plist;
				LD_RUNPATH_SEARCH_PATHS = (
					"$(inherited)",
					"@executable_path/Frameworks",
				);
				PRODUCT_BUNDLE_IDENTIFIER = com.globant.LocalizationDemo;
				PRODUCT_NAME = "$(TARGET_NAME)";
				SWIFT_VERSION = 5.0;
				TARGETED_DEVICE_FAMILY = "1,2";
			};
			name = Release;
		};
/* End XCBuildConfiguration section */

/* Begin XCConfigurationList section */
		517D05CD26E93954006B6B96 /* Build configuration list for PBXProject "LocalizationDemo" */ = {
			isa = XCConfigurationList;
			buildConfigurations = (
				517D05E426E93956006B6B96 /* Debug */,
				517D05E526E93956006B6B96 /* Release */,
			);
			defaultConfigurationIsVisible = 0;
			defaultConfigurationName = Release;
		};
		517D05E626E93956006B6B96 /* Build configuration list for PBXNativeTarget "LocalizationDemo" */ = {
			isa = XCConfigurationList;
			buildConfigurations = (
				517D05E726E93956006B6B96 /* Debug */,
				517D05E826E93956006B6B96 /* Release */,
			);
			defaultConfigurationIsVisible = 0;
			defaultConfigurationName = Release;
		};
/* End XCConfigurationList section */
	};
	rootObject = 517D05CA26E93954006B6B96 /* Project object */;
}
